
Microsoft Visual Studio Solution File, Format Version 12.00
# Visual Studio 2012
Project("{FAE04EC0-301F-11D3-BF4B-00C04F79EFBC}") = "Impromptu", "Impromptu.csproj", "{4E6DFAAF-9CC5-46EE-AD27-AA67CC43FD82}"
EndProject
Global
	GlobalSection(SolutionConfigurationPlatforms) = preSolution
		Debug|Any CPU = Debug|Any CPU
		Release|Any CPU = Release|Any CPU
	EndGlobalSection
	GlobalSection(ProjectConfigurationPlatforms) = postSolution
		{4E6DFAAF-9CC5-46EE-AD27-AA67CC43FD82}.Debug|Any CPU.ActiveCfg = Debug|Any CPU
		{4E6DFAAF-9CC5-46EE-AD27-AA67CC43FD82}.Debug|Any CPU.Build.0 = Debug|Any CPU
		{4E6DFAAF-9CC5-46EE-AD27-AA67CC43FD82}.Release|Any CPU.ActiveCfg = Release|Any CPU
		{4E6DFAAF-9CC5-46EE-AD27-AA67CC43FD82}.Release|Any CPU.Build.0 = Release|Any CPU
	EndGlobalSection
EndGlobal
